// !$*UTF8*$!
{
	archiveVersion = 1;
	classes = {
	};
	objectVersion = 56;
	objects = {

/* Begin PBXBuildFile section */
		FA3E1FE52BD0BD9C0077E400 /* AppDelegate.swift in Sources */ = {isa = PBXBuildFile; fileRef = FA3E1FE42BD0BD9C0077E400 /* AppDelegate.swift */; };
		FA3E1FE72BD0BD9C0077E400 /* SceneDelegate.swift in Sources */ = {isa = PBXBuildFile; fileRef = FA3E1FE62BD0BD9C0077E400 /* SceneDelegate.swift */; };
		FA3E1FE92BD0BD9C0077E400 /* ViewController.swift in Sources */ = {isa = PBXBuildFile; fileRef = FA3E1FE82BD0BD9C0077E400 /* ViewController.swift */; };
		FA3E1FEC2BD0BD9C0077E400 /* Base in Resources */ = {isa = PBXBuildFile; fileRef = FA3E1FEB2BD0BD9C0077E400 /* Base */; };
		FA3E1FEE2BD0BD9D0077E400 /* Assets.xcassets in Resources */ = {isa = PBXBuildFile; fileRef = FA3E1FED2BD0BD9D0077E400 /* Assets.xcassets */; };
		FA3E1FF12BD0BD9D0077E400 /* Base in Resources */ = {isa = PBXBuildFile; fileRef = FA3E1FF02BD0BD9D0077E400 /* Base */; };
		FA3E1FFC2BD0BD9D0077E400 /* lifecounterTests.swift in Sources */ = {isa = PBXBuildFile; fileRef = FA3E1FFB2BD0BD9D0077E400 /* lifecounterTests.swift */; };
		FA3E20062BD0BD9D0077E400 /* lifecounterUITests.swift in Sources */ = {isa = PBXBuildFile; fileRef = FA3E20052BD0BD9D0077E400 /* lifecounterUITests.swift */; };
		FA3E20082BD0BD9D0077E400 /* lifecounterUITestsLaunchTests.swift in Sources */ = {isa = PBXBuildFile; fileRef = FA3E20072BD0BD9D0077E400 /* lifecounterUITestsLaunchTests.swift */; };
		FA6A57582BD87F400098FBC7 /* HistoryViewController.swift in Sources */ = {isa = PBXBuildFile; fileRef = FA6A57572BD87F400098FBC7 /* HistoryViewController.swift */; };
/* End PBXBuildFile section */

/* Begin PBXContainerItemProxy section */
		FA3E1FF82BD0BD9D0077E400 /* PBXContainerItemProxy */ = {
			isa = PBXContainerItemProxy;
			containerPortal = FA3E1FD92BD0BD9C0077E400 /* Project object */;
			proxyType = 1;
			remoteGlobalIDString = FA3E1FE02BD0BD9C0077E400;
			remoteInfo = lifecounter;
		};
		FA3E20022BD0BD9D0077E400 /* PBXContainerItemProxy */ = {
			isa = PBXContainerItemProxy;
			containerPortal = FA3E1FD92BD0BD9C0077E400 /* Project object */;
			proxyType = 1;
			remoteGlobalIDString = FA3E1FE02BD0BD9C0077E400;
			remoteInfo = lifecounter;
		};
/* End PBXContainerItemProxy section */

/* Begin PBXFileReference section */
		FA3E1FE12BD0BD9C0077E400 /* lifecounter.app */ = {isa = PBXFileReference; explicitFileType = wrapper.application; includeInIndex = 0; path = lifecounter.app; sourceTree = BUILT_PRODUCTS_DIR; };
		FA3E1FE42BD0BD9C0077E400 /* AppDelegate.swift */ = {isa = PBXFileReference; lastKnownFileType = sourcecode.swift; path = AppDelegate.swift; sourceTree = "<group>"; };
		FA3E1FE62BD0BD9C0077E400 /* SceneDelegate.swift */ = {isa = PBXFileReference; lastKnownFileType = sourcecode.swift; path = SceneDelegate.swift; sourceTree = "<group>"; };
		FA3E1FE82BD0BD9C0077E400 /* ViewController.swift */ = {isa = PBXFileReference; lastKnownFileType = sourcecode.swift; path = ViewController.swift; sourceTree = "<group>"; };
		FA3E1FEB2BD0BD9C0077E400 /* Base */ = {isa = PBXFileReference; lastKnownFileType = file.storyboard; name = Base; path = Base.lproj/Main.storyboard; sourceTree = "<group>"; };
		FA3E1FED2BD0BD9D0077E400 /* Assets.xcassets */ = {isa = PBXFileReference; lastKnownFileType = folder.assetcatalog; path = Assets.xcassets; sourceTree = "<group>"; };
		FA3E1FF02BD0BD9D0077E400 /* Base */ = {isa = PBXFileReference; lastKnownFileType = file.storyboard; name = Base; path = Base.lproj/LaunchScreen.storyboard; sourceTree = "<group>"; };
		FA3E1FF22BD0BD9D0077E400 /* Info.plist */ = {isa = PBXFileReference; lastKnownFileType = text.plist.xml; path = Info.plist; sourceTree = "<group>"; };
		FA3E1FF72BD0BD9D0077E400 /* lifecounterTests.xctest */ = {isa = PBXFileReference; explicitFileType = wrapper.cfbundle; includeInIndex = 0; path = lifecounterTests.xctest; sourceTree = BUILT_PRODUCTS_DIR; };
		FA3E1FFB2BD0BD9D0077E400 /* lifecounterTests.swift */ = {isa = PBXFileReference; lastKnownFileType = sourcecode.swift; path = lifecounterTests.swift; sourceTree = "<group>"; };
		FA3E20012BD0BD9D0077E400 /* lifecounterUITests.xctest */ = {isa = PBXFileReference; explicitFileType = wrapper.cfbundle; includeInIndex = 0; path = lifecounterUITests.xctest; sourceTree = BUILT_PRODUCTS_DIR; };
		FA3E20052BD0BD9D0077E400 /* lifecounterUITests.swift */ = {isa = PBXFileReference; lastKnownFileType = sourcecode.swift; path = lifecounterUITests.swift; sourceTree = "<group>"; };
		FA3E20072BD0BD9D0077E400 /* lifecounterUITestsLaunchTests.swift */ = {isa = PBXFileReference; lastKnownFileType = sourcecode.swift; path = lifecounterUITestsLaunchTests.swift; sourceTree = "<group>"; };
		FA6A57572BD87F400098FBC7 /* HistoryViewController.swift */ = {isa = PBXFileReference; lastKnownFileType = sourcecode.swift; path = HistoryViewController.swift; sourceTree = "<group>"; };
/* End PBXFileReference section */

/* Begin PBXFrameworksBuildPhase section */
		FA3E1FDE2BD0BD9C0077E400 /* Frameworks */ = {
			isa = PBXFrameworksBuildPhase;
			buildActionMask = 2147483647;
			files = (
			);
			runOnlyForDeploymentPostprocessing = 0;
		};
		FA3E1FF42BD0BD9D0077E400 /* Frameworks */ = {
			isa = PBXFrameworksBuildPhase;
			buildActionMask = 2147483647;
			files = (
			);
			runOnlyForDeploymentPostprocessing = 0;
		};
		FA3E1FFE2BD0BD9D0077E400 /* Frameworks */ = {
			isa = PBXFrameworksBuildPhase;
			buildActionMask = 2147483647;
			files = (
			);
			runOnlyForDeploymentPostprocessing = 0;
		};
/* End PBXFrameworksBuildPhase section */

/* Begin PBXGroup section */
		FA3E1FD82BD0BD9C0077E400 = {
			isa = PBXGroup;
			children = (
				FA3E1FE32BD0BD9C0077E400 /* lifecounter */,
				FA3E1FFA2BD0BD9D0077E400 /* lifecounterTests */,
				FA3E20042BD0BD9D0077E400 /* lifecounterUITests */,
				FA3E1FE22BD0BD9C0077E400 /* Products */,
			);
			sourceTree = "<group>";
		};
		FA3E1FE22BD0BD9C0077E400 /* Products */ = {
			isa = PBXGroup;
			children = (
				FA3E1FE12BD0BD9C0077E400 /* lifecounter.app */,
				FA3E1FF72BD0BD9D0077E400 /* lifecounterTests.xctest */,
				FA3E20012BD0BD9D0077E400 /* lifecounterUITests.xctest */,
			);
			name = Products;
			sourceTree = "<group>";
		};
		FA3E1FE32BD0BD9C0077E400 /* lifecounter */ = {
			isa = PBXGroup;
			children = (
				FA3E1FE42BD0BD9C0077E400 /* AppDelegate.swift */,
				FA3E1FE62BD0BD9C0077E400 /* SceneDelegate.swift */,
				FA3E1FE82BD0BD9C0077E400 /* ViewController.swift */,
				FA6A57572BD87F400098FBC7 /* HistoryViewController.swift */,
				FA3E1FEA2BD0BD9C0077E400 /* Main.storyboard */,
				FA3E1FED2BD0BD9D0077E400 /* Assets.xcassets */,
				FA3E1FEF2BD0BD9D0077E400 /* LaunchScreen.storyboard */,
				FA3E1FF22BD0BD9D0077E400 /* Info.plist */,
			);
			path = lifecounter;
			sourceTree = "<group>";
		};
		FA3E1FFA2BD0BD9D0077E400 /* lifecounterTests */ = {
			isa = PBXGroup;
			children = (
				FA3E1FFB2BD0BD9D0077E400 /* lifecounterTests.swift */,
			);
			path = lifecounterTests;
			sourceTree = "<group>";
		};
		FA3E20042BD0BD9D0077E400 /* lifecounterUITests */ = {
			isa = PBXGroup;
			children = (
				FA3E20052BD0BD9D0077E400 /* lifecounterUITests.swift */,
				FA3E20072BD0BD9D0077E400 /* lifecounterUITestsLaunchTests.swift */,
			);
			path = lifecounterUITests;
			sourceTree = "<group>";
		};
/* End PBXGroup section */

/* Begin PBXNativeTarget section */
		FA3E1FE02BD0BD9C0077E400 /* lifecounter */ = {
			isa = PBXNativeTarget;
			buildConfigurationList = FA3E200B2BD0BD9D0077E400 /* Build configuration list for PBXNativeTarget "lifecounter" */;
			buildPhases = (
				FA3E1FDD2BD0BD9C0077E400 /* Sources */,
				FA3E1FDE2BD0BD9C0077E400 /* Frameworks */,
				FA3E1FDF2BD0BD9C0077E400 /* Resources */,
			);
			buildRules = (
			);
			dependencies = (
			);
			name = lifecounter;
			productName = lifecounter;
			productReference = FA3E1FE12BD0BD9C0077E400 /* lifecounter.app */;
			productType = "com.apple.product-type.application";
		};
		FA3E1FF62BD0BD9D0077E400 /* lifecounterTests */ = {
			isa = PBXNativeTarget;
			buildConfigurationList = FA3E200E2BD0BD9D0077E400 /* Build configuration list for PBXNativeTarget "lifecounterTests" */;
			buildPhases = (
				FA3E1FF32BD0BD9D0077E400 /* Sources */,
				FA3E1FF42BD0BD9D0077E400 /* Frameworks */,
				FA3E1FF52BD0BD9D0077E400 /* Resources */,
			);
			buildRules = (
			);
			dependencies = (
				FA3E1FF92BD0BD9D0077E400 /* PBXTargetDependency */,
			);
			name = lifecounterTests;
			productName = lifecounterTests;
			productReference = FA3E1FF72BD0BD9D0077E400 /* lifecounterTests.xctest */;
			productType = "com.apple.product-type.bundle.unit-test";
		};
		FA3E20002BD0BD9D0077E400 /* lifecounterUITests */ = {
			isa = PBXNativeTarget;
			buildConfigurationList = FA3E20112BD0BD9D0077E400 /* Build configuration list for PBXNativeTarget "lifecounterUITests" */;
			buildPhases = (
				FA3E1FFD2BD0BD9D0077E400 /* Sources */,
				FA3E1FFE2BD0BD9D0077E400 /* Frameworks */,
				FA3E1FFF2BD0BD9D0077E400 /* Resources */,
			);
			buildRules = (
			);
			dependencies = (
				FA3E20032BD0BD9D0077E400 /* PBXTargetDependency */,
			);
			name = lifecounterUITests;
			productName = lifecounterUITests;
			productReference = FA3E20012BD0BD9D0077E400 /* lifecounterUITests.xctest */;
			productType = "com.apple.product-type.bundle.ui-testing";
		};
/* End PBXNativeTarget section */

/* Begin PBXProject section */
		FA3E1FD92BD0BD9C0077E400 /* Project object */ = {
			isa = PBXProject;
			attributes = {
				BuildIndependentTargetsInParallel = 1;
				LastSwiftUpdateCheck = 1530;
				LastUpgradeCheck = 1530;
				TargetAttributes = {
					FA3E1FE02BD0BD9C0077E400 = {
						CreatedOnToolsVersion = 15.3;
					};
					FA3E1FF62BD0BD9D0077E400 = {
						CreatedOnToolsVersion = 15.3;
						TestTargetID = FA3E1FE02BD0BD9C0077E400;
					};
					FA3E20002BD0BD9D0077E400 = {
						CreatedOnToolsVersion = 15.3;
						TestTargetID = FA3E1FE02BD0BD9C0077E400;
					};
				};
			};
			buildConfigurationList = FA3E1FDC2BD0BD9C0077E400 /* Build configuration list for PBXProject "lifecounter" */;
			compatibilityVersion = "Xcode 14.0";
			developmentRegion = en;
			hasScannedForEncodings = 0;
			knownRegions = (
				en,
				Base,
			);
			mainGroup = FA3E1FD82BD0BD9C0077E400;
			productRefGroup = FA3E1FE22BD0BD9C0077E400 /* Products */;
			projectDirPath = "";
			projectRoot = "";
			targets = (
				FA3E1FE02BD0BD9C0077E400 /* lifecounter */,
				FA3E1FF62BD0BD9D0077E400 /* lifecounterTests */,
				FA3E20002BD0BD9D0077E400 /* lifecounterUITests */,
			);
		};
/* End PBXProject section */

/* Begin PBXResourcesBuildPhase section */
		FA3E1FDF2BD0BD9C0077E400 /* Resources */ = {
			isa = PBXResourcesBuildPhase;
			buildActionMask = 2147483647;
			files = (
				FA3E1FEE2BD0BD9D0077E400 /* Assets.xcassets in Resources */,
				FA3E1FF12BD0BD9D0077E400 /* Base in Resources */,
				FA3E1FEC2BD0BD9C0077E400 /* Base in Resources */,
			);
			runOnlyForDeploymentPostprocessing = 0;
		};
		FA3E1FF52BD0BD9D0077E400 /* Resources */ = {
			isa = PBXResourcesBuildPhase;
			buildActionMask = 2147483647;
			files = (
			);
			runOnlyForDeploymentPostprocessing = 0;
		};
		FA3E1FFF2BD0BD9D0077E400 /* Resources */ = {
			isa = PBXResourcesBuildPhase;
			buildActionMask = 2147483647;
			files = (
			);
			runOnlyForDeploymentPostprocessing = 0;
		};
/* End PBXResourcesBuildPhase section */

/* Begin PBXSourcesBuildPhase section */
		FA3E1FDD2BD0BD9C0077E400 /* Sources */ = {
			isa = PBXSourcesBuildPhase;
			buildActionMask = 2147483647;
			files = (
				FA3E1FE92BD0BD9C0077E400 /* ViewController.swift in Sources */,
				FA3E1FE52BD0BD9C0077E400 /* AppDelegate.swift in Sources */,
				FA3E1FE72BD0BD9C0077E400 /* SceneDelegate.swift in Sources */,
				FA6A57582BD87F400098FBC7 /* HistoryViewController.swift in Sources */,
			);
			runOnlyForDeploymentPostprocessing = 0;
		};
		FA3E1FF32BD0BD9D0077E400 /* Sources */ = {
			isa = PBXSourcesBuildPhase;
			buildActionMask = 2147483647;
			files = (
				FA3E1FFC2BD0BD9D0077E400 /* lifecounterTests.swift in Sources */,
			);
			runOnlyForDeploymentPostprocessing = 0;
		};
		FA3E1FFD2BD0BD9D0077E400 /* Sources */ = {
			isa = PBXSourcesBuildPhase;
			buildActionMask = 2147483647;
			files = (
				FA3E20062BD0BD9D0077E400 /* lifecounterUITests.swift in Sources */,
				FA3E20082BD0BD9D0077E400 /* lifecounterUITestsLaunchTests.swift in Sources */,
			);
			runOnlyForDeploymentPostprocessing = 0;
		};
/* End PBXSourcesBuildPhase section */

/* Begin PBXTargetDependency section */
		FA3E1FF92BD0BD9D0077E400 /* PBXTargetDependency */ = {
			isa = PBXTargetDependency;
			target = FA3E1FE02BD0BD9C0077E400 /* lifecounter */;
			targetProxy = FA3E1FF82BD0BD9D0077E400 /* PBXContainerItemProxy */;
		};
		FA3E20032BD0BD9D0077E400 /* PBXTargetDependency */ = {
			isa = PBXTargetDependency;
			target = FA3E1FE02BD0BD9C0077E400 /* lifecounter */;
			targetProxy = FA3E20022BD0BD9D0077E400 /* PBXContainerItemProxy */;
		};
/* End PBXTargetDependency section */

/* Begin PBXVariantGroup section */
		FA3E1FEA2BD0BD9C0077E400 /* Main.storyboard */ = {
			isa = PBXVariantGroup;
			children = (
				FA3E1FEB2BD0BD9C0077E400 /* Base */,
			);
			name = Main.storyboard;
			sourceTree = "<group>";
		};
		FA3E1FEF2BD0BD9D0077E400 /* LaunchScreen.storyboard */ = {
			isa = PBXVariantGroup;
			children = (
				FA3E1FF02BD0BD9D0077E400 /* Base */,
			);
			name = LaunchScreen.storyboard;
			sourceTree = "<group>";
		};
/* End PBXVariantGroup section */

/* Begin XCBuildConfiguration section */
		FA3E20092BD0BD9D0077E400 /* Debug */ = {
			isa = XCBuildConfiguration;
			buildSettings = {
				ALWAYS_SEARCH_USER_PATHS = NO;
				ASSETCATALOG_COMPILER_GENERATE_SWIFT_ASSET_SYMBOL_EXTENSIONS = YES;
				CLANG_ANALYZER_NONNULL = YES;
				CLANG_ANALYZER_NUMBER_OBJECT_CONVERSION = YES_AGGRESSIVE;
				CLANG_CXX_LANGUAGE_STANDARD = "gnu++20";
				CLANG_ENABLE_MODULES = YES;
				CLANG_ENABLE_OBJC_ARC = YES;
				CLANG_ENABLE_OBJC_WEAK = YES;
				CLANG_WARN_BLOCK_CAPTURE_AUTORELEASING = YES;
				CLANG_WARN_BOOL_CONVERSION = YES;
				CLANG_WARN_COMMA = YES;
				CLANG_WARN_CONSTANT_CONVERSION = YES;
				CLANG_WARN_DEPRECATED_OBJC_IMPLEMENTATIONS = YES;
				CLANG_WARN_DIRECT_OBJC_ISA_USAGE = YES_ERROR;
				CLANG_WARN_DOCUMENTATION_COMMENTS = YES;
				CLANG_WARN_EMPTY_BODY = YES;
				CLANG_WARN_ENUM_CONVERSION = YES;
				CLANG_WARN_INFINITE_RECURSION = YES;
				CLANG_WARN_INT_CONVERSION = YES;
				CLANG_WARN_NON_LITERAL_NULL_CONVERSION = YES;
				CLANG_WARN_OBJC_IMPLICIT_RETAIN_SELF = YES;
				CLANG_WARN_OBJC_LITERAL_CONVERSION = YES;
				CLANG_WARN_OBJC_ROOT_CLASS = YES_ERROR;
				CLANG_WARN_QUOTED_INCLUDE_IN_FRAMEWORK_HEADER = YES;
				CLANG_WARN_RANGE_LOOP_ANALYSIS = YES;
				CLANG_WARN_STRICT_PROTOTYPES = YES;
				CLANG_WARN_SUSPICIOUS_MOVE = YES;
				CLANG_WARN_UNGUARDED_AVAILABILITY = YES_AGGRESSIVE;
				CLANG_WARN_UNREACHABLE_CODE = YES;
				CLANG_WARN__DUPLICATE_METHOD_MATCH = YES;
				COPY_PHASE_STRIP = NO;
				DEBUG_INFORMATION_FORMAT = dwarf;
				ENABLE_STRICT_OBJC_MSGSEND = YES;
				ENABLE_TESTABILITY = YES;
				ENABLE_USER_SCRIPT_SANDBOXING = YES;
				GCC_C_LANGUAGE_STANDARD = gnu17;
				GCC_DYNAMIC_NO_PIC = NO;
				GCC_NO_COMMON_BLOCKS = YES;
				GCC_OPTIMIZATION_LEVEL = 0;
				GCC_PREPROCESSOR_DEFINITIONS = (
					"DEBUG=1",
					"$(inherited)",
				);
				GCC_WARN_64_TO_32_BIT_CONVERSION = YES;
				GCC_WARN_ABOUT_RETURN_TYPE = YES_ERROR;
				GCC_WARN_UNDECLARED_SELECTOR = YES;
				GCC_WARN_UNINITIALIZED_AUTOS = YES_AGGRESSIVE;
				GCC_WARN_UNUSED_FUNCTION = YES;
				GCC_WARN_UNUSED_VARIABLE = YES;
				IPHONEOS_DEPLOYMENT_TARGET = 17.4;
				LOCALIZATION_PREFERS_STRING_CATALOGS = YES;
				MTL_ENABLE_DEBUG_INFO = INCLUDE_SOURCE;
				MTL_FAST_MATH = YES;
				ONLY_ACTIVE_ARCH = YES;
				SDKROOT = iphoneos;
				SWIFT_ACTIVE_COMPILATION_CONDITIONS = "DEBUG $(inherited)";
				SWIFT_OPTIMIZATION_LEVEL = "-Onone";
			};
			name = Debug;
		};
		FA3E200A2BD0BD9D0077E400 /* Release */ = {
			isa = XCBuildConfiguration;
			buildSettings = {
				ALWAYS_SEARCH_USER_PATHS = NO;
				ASSETCATALOG_COMPILER_GENERATE_SWIFT_ASSET_SYMBOL_EXTENSIONS = YES;
				CLANG_ANALYZER_NONNULL = YES;
				CLANG_ANALYZER_NUMBER_OBJECT_CONVERSION = YES_AGGRESSIVE;
				CLANG_CXX_LANGUAGE_STANDARD = "gnu++20";
				CLANG_ENABLE_MODULES = YES;
				CLANG_ENABLE_OBJC_ARC = YES;
				CLANG_ENABLE_OBJC_WEAK = YES;
				CLANG_WARN_BLOCK_CAPTURE_AUTORELEASING = YES;
				CLANG_WARN_BOOL_CONVERSION = YES;
				CLANG_WARN_COMMA = YES;
				CLANG_WARN_CONSTANT_CONVERSION = YES;
				CLANG_WARN_DEPRECATED_OBJC_IMPLEMENTATIONS = YES;
				CLANG_WARN_DIRECT_OBJC_ISA_USAGE = YES_ERROR;
				CLANG_WARN_DOCUMENTATION_COMMENTS = YES;
				CLANG_WARN_EMPTY_BODY = YES;
				CLANG_WARN_ENUM_CONVERSION = YES;
				CLANG_WARN_INFINITE_RECURSION = YES;
				CLANG_WARN_INT_CONVERSION = YES;
				CLANG_WARN_NON_LITERAL_NULL_CONVERSION = YES;
				CLANG_WARN_OBJC_IMPLICIT_RETAIN_SELF = YES;
				CLANG_WARN_OBJC_LITERAL_CONVERSION = YES;
				CLANG_WARN_OBJC_ROOT_CLASS = YES_ERROR;
				CLANG_WARN_QUOTED_INCLUDE_IN_FRAMEWORK_HEADER = YES;
				CLANG_WARN_RANGE_LOOP_ANALYSIS = YES;
				CLANG_WARN_STRICT_PROTOTYPES = YES;
				CLANG_WARN_SUSPICIOUS_MOVE = YES;
				CLANG_WARN_UNGUARDED_AVAILABILITY = YES_AGGRESSIVE;
				CLANG_WARN_UNREACHABLE_CODE = YES;
				CLANG_WARN__DUPLICATE_METHOD_MATCH = YES;
				COPY_PHASE_STRIP = NO;
				DEBUG_INFORMATION_FORMAT = "dwarf-with-dsym";
				ENABLE_NS_ASSERTIONS = NO;
				ENABLE_STRICT_OBJC_MSGSEND = YES;
				ENABLE_USER_SCRIPT_SANDBOXING = YES;
				GCC_C_LANGUAGE_STANDARD = gnu17;
				GCC_NO_COMMON_BLOCKS = YES;
				GCC_WARN_64_TO_32_BIT_CONVERSION = YES;
				GCC_WARN_ABOUT_RETURN_TYPE = YES_ERROR;
				GCC_WARN_UNDECLARED_SELECTOR = YES;
				GCC_WARN_UNINITIALIZED_AUTOS = YES_AGGRESSIVE;
				GCC_WARN_UNUSED_FUNCTION = YES;
				GCC_WARN_UNUSED_VARIABLE = YES;
				IPHONEOS_DEPLOYMENT_TARGET = 17.4;
				LOCALIZATION_PREFERS_STRING_CATALOGS = YES;
				MTL_ENABLE_DEBUG_INFO = NO;
				MTL_FAST_MATH = YES;
				SDKROOT = iphoneos;
				SWIFT_COMPILATION_MODE = wholemodule;
				VALIDATE_PRODUCT = YES;
			};
			name = Release;
		};
		FA3E200C2BD0BD9D0077E400 /* Debug */ = {
			isa = XCBuildConfiguration;
			buildSettings = {
				ASSETCATALOG_COMPILER_APPICON_NAME = AppIcon;
				ASSETCATALOG_COMPILER_GLOBAL_ACCENT_COLOR_NAME = AccentColor;
				CODE_SIGN_STYLE = Automatic;
				CURRENT_PROJECT_VERSION = 1;
				DEVELOPMENT_TEAM = 4ASXVDJ7H9;
				GENERATE_INFOPLIST_FILE = YES;
				INFOPLIST_FILE = lifecounter/Info.plist;
				INFOPLIST_KEY_UIApplicationSupportsIndirectInputEvents = YES;
				INFOPLIST_KEY_UILaunchStoryboardName = LaunchScreen;
				INFOPLIST_KEY_UIMainStoryboardFile = Main;
				INFOPLIST_KEY_UISupportedInterfaceOrientations_iPad = "UIInterfaceOrientationPortrait UIInterfaceOrientationPortraitUpsideDown UIInterfaceOrientationLandscapeLeft UIInterfaceOrientationLandscapeRight";
				INFOPLIST_KEY_UISupportedInterfaceOrientations_iPhone = "UIInterfaceOrientationPortrait UIInterfaceOrientationLandscapeLeft UIInterfaceOrientationLandscapeRight";
				LD_RUNPATH_SEARCH_PATHS = (
					"$(inherited)",
					"@executable_path/Frameworks",
				);
				MARKETING_VERSION = 1.0;
				PRODUCT_BUNDLE_IDENTIFIER = edu.uw.ischool.virurep.lifecounter;
				PRODUCT_NAME = "$(TARGET_NAME)";
				SWIFT_EMIT_LOC_STRINGS = YES;
				SWIFT_VERSION = 5.0;
				TARGETED_DEVICE_FAMILY = "1,2";
			};
			name = Debug;
		};
		FA3E200D2BD0BD9D0077E400 /* Release */ = {
			isa = XCBuildConfiguration;
			buildSettings = {
				ASSETCATALOG_COMPILER_APPICON_NAME = AppIcon;
				ASSETCATALOG_COMPILER_GLOBAL_ACCENT_COLOR_NAME = AccentColor;
				CODE_SIGN_STYLE = Automatic;
				CURRENT_PROJECT_VERSION = 1;
				DEVELOPMENT_TEAM = 4ASXVDJ7H9;
				GENERATE_INFOPLIST_FILE = YES;
				INFOPLIST_FILE = lifecounter/Info.plist;
				INFOPLIST_KEY_UIApplicationSupportsIndirectInputEvents = YES;
				INFOPLIST_KEY_UILaunchStoryboardName = LaunchScreen;
				INFOPLIST_KEY_UIMainStoryboardFile = Main;
				INFOPLIST_KEY_UISupportedInterfaceOrientations_iPad = "UIInterfaceOrientationPortrait UIInterfaceOrientationPortraitUpsideDown UIInterfaceOrientationLandscapeLeft UIInterfaceOrientationLandscapeRight";
				INFOPLIST_KEY_UISupportedInterfaceOrientations_iPhone = "UIInterfaceOrientationPortrait UIInterfaceOrientationLandscapeLeft UIInterfaceOrientationLandscapeRight";
				LD_RUNPATH_SEARCH_PATHS = (
					"$(inherited)",
					"@executable_path/Frameworks",
				);
				MARKETING_VERSION = 1.0;
				PRODUCT_BUNDLE_IDENTIFIER = edu.uw.ischool.virurep.lifecounter;
				PRODUCT_NAME = "$(TARGET_NAME)";
				SWIFT_EMIT_LOC_STRINGS = YES;
				SWIFT_VERSION = 5.0;
				TARGETED_DEVICE_FAMILY = "1,2";
			};
			name = Release;
		};
		FA3E200F2BD0BD9D0077E400 /* Debug */ = {
			isa = XCBuildConfiguration;
			buildSettings = {
				ALWAYS_EMBED_SWIFT_STANDARD_LIBRARIES = YES;
				BUNDLE_LOADER = "$(TEST_HOST)";
				CODE_SIGN_STYLE = Automatic;
				CURRENT_PROJECT_VERSION = 1;
				DEVELOPMENT_TEAM = 4ASXVDJ7H9;
				GENERATE_INFOPLIST_FILE = YES;
				IPHONEOS_DEPLOYMENT_TARGET = 17.4;
				MARKETING_VERSION = 1.0;
				PRODUCT_BUNDLE_IDENTIFIER = edu.uw.ischool.virurep.lifecounterTests;
				PRODUCT_NAME = "$(TARGET_NAME)";
				SWIFT_EMIT_LOC_STRINGS = NO;
				SWIFT_VERSION = 5.0;
				TARGETED_DEVICE_FAMILY = "1,2";
				TEST_HOST = "$(BUILT_PRODUCTS_DIR)/lifecounter.app/$(BUNDLE_EXECUTABLE_FOLDER_PATH)/lifecounter";
			};
			name = Debug;
		};
		FA3E20102BD0BD9D0077E400 /* Release */ = {
			isa = XCBuildConfiguration;
			buildSettings = {
				ALWAYS_EMBED_SWIFT_STANDARD_LIBRARIES = YES;
				BUNDLE_LOADER = "$(TEST_HOST)";
				CODE_SIGN_STYLE = Automatic;
				CURRENT_PROJECT_VERSION = 1;
				DEVELOPMENT_TEAM = 4ASXVDJ7H9;
				GENERATE_INFOPLIST_FILE = YES;
				IPHONEOS_DEPLOYMENT_TARGET = 17.4;
				MARKETING_VERSION = 1.0;
				PRODUCT_BUNDLE_IDENTIFIER = edu.uw.ischool.virurep.lifecounterTests;
				PRODUCT_NAME = "$(TARGET_NAME)";
				SWIFT_EMIT_LOC_STRINGS = NO;
				SWIFT_VERSION = 5.0;
				TARGETED_DEVICE_FAMILY = "1,2";
				TEST_HOST = "$(BUILT_PRODUCTS_DIR)/lifecounter.app/$(BUNDLE_EXECUTABLE_FOLDER_PATH)/lifecounter";
			};
			name = Release;
		};
		FA3E20122BD0BD9D0077E400 /* Debug */ = {
			isa = XCBuildConfiguration;
			buildSettings = {
				ALWAYS_EMBED_SWIFT_STANDARD_LIBRARIES = YES;
				CODE_SIGN_STYLE = Automatic;
				CURRENT_PROJECT_VERSION = 1;
				DEVELOPMENT_TEAM = 4ASXVDJ7H9;
				GENERATE_INFOPLIST_FILE = YES;
				MARKETING_VERSION = 1.0;
				PRODUCT_BUNDLE_IDENTIFIER = edu.uw.ischool.virurep.lifecounterUITests;
				PRODUCT_NAME = "$(TARGET_NAME)";
				SWIFT_EMIT_LOC_STRINGS = NO;
				SWIFT_VERSION = 5.0;
				TARGETED_DEVICE_FAMILY = "1,2";
				TEST_TARGET_NAME = lifecounter;
			};
			name = Debug;
		};
		FA3E20132BD0BD9D0077E400 /* Release */ = {
			isa = XCBuildConfiguration;
			buildSettings = {
				ALWAYS_EMBED_SWIFT_STANDARD_LIBRARIES = YES;
				CODE_SIGN_STYLE = Automatic;
				CURRENT_PROJECT_VERSION = 1;
				DEVELOPMENT_TEAM = 4ASXVDJ7H9;
				GENERATE_INFOPLIST_FILE = YES;
				MARKETING_VERSION = 1.0;
				PRODUCT_BUNDLE_IDENTIFIER = edu.uw.ischool.virurep.lifecounterUITests;
				PRODUCT_NAME = "$(TARGET_NAME)";
				SWIFT_EMIT_LOC_STRINGS = NO;
				SWIFT_VERSION = 5.0;
				TARGETED_DEVICE_FAMILY = "1,2";
				TEST_TARGET_NAME = lifecounter;
			};
			name = Release;
		};
/* End XCBuildConfiguration section */

/* Begin XCConfigurationList section */
		FA3E1FDC2BD0BD9C0077E400 /* Build configuration list for PBXProject "lifecounter" */ = {
			isa = XCConfigurationList;
			buildConfigurations = (
				FA3E20092BD0BD9D0077E400 /* Debug */,
				FA3E200A2BD0BD9D0077E400 /* Release */,
			);
			defaultConfigurationIsVisible = 0;
			defaultConfigurationName = Release;
		};
		FA3E200B2BD0BD9D0077E400 /* Build configuration list for PBXNativeTarget "lifecounter" */ = {
			isa = XCConfigurationList;
			buildConfigurations = (
				FA3E200C2BD0BD9D0077E400 /* Debug */,
				FA3E200D2BD0BD9D0077E400 /* Release */,
			);
			defaultConfigurationIsVisible = 0;
			defaultConfigurationName = Release;
		};
		FA3E200E2BD0BD9D0077E400 /* Build configuration list for PBXNativeTarget "lifecounterTests" */ = {
			isa = XCConfigurationList;
			buildConfigurations = (
				FA3E200F2BD0BD9D0077E400 /* Debug */,
				FA3E20102BD0BD9D0077E400 /* Release */,
			);
			defaultConfigurationIsVisible = 0;
			defaultConfigurationName = Release;
		};
		FA3E20112BD0BD9D0077E400 /* Build configuration list for PBXNativeTarget "lifecounterUITests" */ = {
			isa = XCConfigurationList;
			buildConfigurations = (
				FA3E20122BD0BD9D0077E400 /* Debug */,
				FA3E20132BD0BD9D0077E400 /* Release */,
			);
			defaultConfigurationIsVisible = 0;
			defaultConfigurationName = Release;
		};
/* End XCConfigurationList section */
	};
	rootObject = FA3E1FD92BD0BD9C0077E400 /* Project object */;
}
